
Microsoft Visual Studio Solution File, Format Version 12.00
# Visual Studio Version 17
VisualStudioVersion = 17.8.34525.116
MinimumVisualStudioVersion = 10.0.40219.1
Project("{FAE04EC0-301F-11D3-BF4B-00C04F79EFBC}") = "FIM", "FIM\FIM.csproj", "{F2195222-AB14-4D75-A577-E07030121107}"
EndProject
Project("{54435603-DBB4-11D2-8724-00A0C9A8B90C}") = "File Integrity Monitor", "File Integrity Monitor\File Integrity Monitor.vdproj", "{8F8A64F7-EC58-49BA-8859-BB0DFDA5A0E9}"
EndProject
Global
	GlobalSection(SolutionConfigurationPlatforms) = preSolution
		Debug|Any CPU = Debug|Any CPU
		Release|Any CPU = Release|Any CPU
	EndGlobalSection
	GlobalSection(ProjectConfigurationPlatforms) = postSolution
		{F2195222-AB14-4D75-A577-E07030121107}.Debug|Any CPU.ActiveCfg = Debug|Any CPU
		{F2195222-AB14-4D75-A577-E07030121107}.Debug|Any CPU.Build.0 = Debug|Any CPU
		{F2195222-AB14-4D75-A577-E07030121107}.Release|Any CPU.ActiveCfg = Release|Any CPU
		{F2195222-AB14-4D75-A577-E07030121107}.Release|Any CPU.Build.0 = Release|Any CPU
		{8F8A64F7-EC58-49BA-8859-BB0DFDA5A0E9}.Debug|Any CPU.ActiveCfg = Debug
		{8F8A64F7-EC58-49BA-8859-BB0DFDA5A0E9}.Release|Any CPU.ActiveCfg = Release
	EndGlobalSection
	GlobalSection(SolutionProperties) = preSolution
		HideSolutionNode = FALSE
	EndGlobalSection
	GlobalSection(ExtensibilityGlobals) = postSolution
		SolutionGuid = {3CD8C650-ACAE-48E8-893C-13571D1EDAE1}
	EndGlobalSection
EndGlobal
